
Microsoft Visual Studio Solution File, Format Version 12.00
# Visual Studio 2012
Project("{FAE04EC0-301F-11D3-BF4B-00C04F79EFBC}") = "OpenAttachments", "OpenAttachments\OpenAttachments.csproj", "{A11EEDDC-328A-4BC8-900E-637E38D0CE9E}"
EndProject
Project("{FAE04EC0-301F-11D3-BF4B-00C04F79EFBC}") = "OpenAttachments.iOS", "iOS\OpenAttachments.iOS.csproj", "{063ADE2A-BCD4-490A-8178-812658A03EE4}"
EndProject
Project("{FAE04EC0-301F-11D3-BF4B-00C04F79EFBC}") = "OpenAttachments.Droid", "Droid\OpenAttachments.Droid.csproj", "{AD78FC55-61E5-4546-A6D9-756108594D2D}"
EndProject
Project("{FAE04EC0-301F-11D3-BF4B-00C04F79EFBC}") = "OpenAttachments.UITests", "UITests\OpenAttachments.UITests.csproj", "{CF915DB7-9866-45B1-82F3-738B374FD89C}"
EndProject
Global
	GlobalSection(SolutionConfigurationPlatforms) = preSolution
		Debug|Any CPU = Debug|Any CPU
		Release|Any CPU = Release|Any CPU
		Debug|iPhoneSimulator = Debug|iPhoneSimulator
		Release|iPhone = Release|iPhone
		Release|iPhoneSimulator = Release|iPhoneSimulator
		Debug|iPhone = Debug|iPhone
	EndGlobalSection
	GlobalSection(ProjectConfigurationPlatforms) = postSolution
		{A11EEDDC-328A-4BC8-900E-637E38D0CE9E}.Debug|Any CPU.ActiveCfg = Debug|Any CPU
		{A11EEDDC-328A-4BC8-900E-637E38D0CE9E}.Debug|Any CPU.Build.0 = Debug|Any CPU
		{A11EEDDC-328A-4BC8-900E-637E38D0CE9E}.Release|Any CPU.ActiveCfg = Release|Any CPU
		{A11EEDDC-328A-4BC8-900E-637E38D0CE9E}.Release|Any CPU.Build.0 = Release|Any CPU
		{A11EEDDC-328A-4BC8-900E-637E38D0CE9E}.Debug|iPhoneSimulator.ActiveCfg = Debug|Any CPU
		{A11EEDDC-328A-4BC8-900E-637E38D0CE9E}.Debug|iPhoneSimulator.Build.0 = Debug|Any CPU
		{A11EEDDC-328A-4BC8-900E-637E38D0CE9E}.Release|iPhone.ActiveCfg = Release|Any CPU
		{A11EEDDC-328A-4BC8-900E-637E38D0CE9E}.Release|iPhone.Build.0 = Release|Any CPU
		{A11EEDDC-328A-4BC8-900E-637E38D0CE9E}.Release|iPhoneSimulator.ActiveCfg = Release|Any CPU
		{A11EEDDC-328A-4BC8-900E-637E38D0CE9E}.Release|iPhoneSimulator.Build.0 = Release|Any CPU
		{A11EEDDC-328A-4BC8-900E-637E38D0CE9E}.Debug|iPhone.ActiveCfg = Debug|Any CPU
		{A11EEDDC-328A-4BC8-900E-637E38D0CE9E}.Debug|iPhone.Build.0 = Debug|Any CPU
		{063ADE2A-BCD4-490A-8178-812658A03EE4}.Debug|Any CPU.ActiveCfg = Debug|iPhoneSimulator
		{063ADE2A-BCD4-490A-8178-812658A03EE4}.Debug|Any CPU.Build.0 = Debug|iPhoneSimulator
		{063ADE2A-BCD4-490A-8178-812658A03EE4}.Release|Any CPU.ActiveCfg = Debug|iPhoneSimulator
		{063ADE2A-BCD4-490A-8178-812658A03EE4}.Release|Any CPU.Build.0 = Debug|iPhoneSimulator
		{063ADE2A-BCD4-490A-8178-812658A03EE4}.Debug|iPhoneSimulator.ActiveCfg = Debug|iPhoneSimulator
		{063ADE2A-BCD4-490A-8178-812658A03EE4}.Debug|iPhoneSimulator.Build.0 = Debug|iPhoneSimulator
		{063ADE2A-BCD4-490A-8178-812658A03EE4}.Release|iPhone.ActiveCfg = Release|iPhone
		{063ADE2A-BCD4-490A-8178-812658A03EE4}.Release|iPhone.Build.0 = Release|iPhone
		{063ADE2A-BCD4-490A-8178-812658A03EE4}.Release|iPhoneSimulator.ActiveCfg = Release|iPhoneSimulator
		{063ADE2A-BCD4-490A-8178-812658A03EE4}.Release|iPhoneSimulator.Build.0 = Release|iPhoneSimulator
		{063ADE2A-BCD4-490A-8178-812658A03EE4}.Debug|iPhone.ActiveCfg = Debug|iPhone
		{063ADE2A-BCD4-490A-8178-812658A03EE4}.Debug|iPhone.Build.0 = Debug|iPhone
		{AD78FC55-61E5-4546-A6D9-756108594D2D}.Debug|Any CPU.ActiveCfg = Debug|Any CPU
		{AD78FC55-61E5-4546-A6D9-756108594D2D}.Debug|Any CPU.Build.0 = Debug|Any CPU
		{AD78FC55-61E5-4546-A6D9-756108594D2D}.Release|Any CPU.ActiveCfg = Release|Any CPU
		{AD78FC55-61E5-4546-A6D9-756108594D2D}.Release|Any CPU.Build.0 = Release|Any CPU
		{AD78FC55-61E5-4546-A6D9-756108594D2D}.Debug|iPhoneSimulator.ActiveCfg = Debug|Any CPU
		{AD78FC55-61E5-4546-A6D9-756108594D2D}.Debug|iPhoneSimulator.Build.0 = Debug|Any CPU
		{AD78FC55-61E5-4546-A6D9-756108594D2D}.Release|iPhone.ActiveCfg = Release|Any CPU
		{AD78FC55-61E5-4546-A6D9-756108594D2D}.Release|iPhone.Build.0 = Release|Any CPU
		{AD78FC55-61E5-4546-A6D9-756108594D2D}.Release|iPhoneSimulator.ActiveCfg = Release|Any CPU
		{AD78FC55-61E5-4546-A6D9-756108594D2D}.Release|iPhoneSimulator.Build.0 = Release|Any CPU
		{AD78FC55-61E5-4546-A6D9-756108594D2D}.Debug|iPhone.ActiveCfg = Debug|Any CPU
		{AD78FC55-61E5-4546-A6D9-756108594D2D}.Debug|iPhone.Build.0 = Debug|Any CPU
		{CF915DB7-9866-45B1-82F3-738B374FD89C}.Debug|Any CPU.ActiveCfg = Debug|Any CPU
		{CF915DB7-9866-45B1-82F3-738B374FD89C}.Debug|Any CPU.Build.0 = Debug|Any CPU
		{CF915DB7-9866-45B1-82F3-738B374FD89C}.Release|Any CPU.ActiveCfg = Release|Any CPU
		{CF915DB7-9866-45B1-82F3-738B374FD89C}.Release|Any CPU.Build.0 = Release|Any CPU
		{CF915DB7-9866-45B1-82F3-738B374FD89C}.Debug|iPhoneSimulator.ActiveCfg = Debug|Any CPU
		{CF915DB7-9866-45B1-82F3-738B374FD89C}.Debug|iPhoneSimulator.Build.0 = Debug|Any CPU
		{CF915DB7-9866-45B1-82F3-738B374FD89C}.Release|iPhone.ActiveCfg = Release|Any CPU
		{CF915DB7-9866-45B1-82F3-738B374FD89C}.Release|iPhone.Build.0 = Release|Any CPU
		{CF915DB7-9866-45B1-82F3-738B374FD89C}.Release|iPhoneSimulator.ActiveCfg = Release|Any CPU
		{CF915DB7-9866-45B1-82F3-738B374FD89C}.Release|iPhoneSimulator.Build.0 = Release|Any CPU
		{CF915DB7-9866-45B1-82F3-738B374FD89C}.Debug|iPhone.ActiveCfg = Debug|Any CPU
		{CF915DB7-9866-45B1-82F3-738B374FD89C}.Debug|iPhone.Build.0 = Debug|Any CPU
	EndGlobalSection
EndGlobal
